
Microsoft Visual Studio Solution File, Format Version 12.00
# Visual Studio Version 17
VisualStudioVersion = 17.6.33829.357
MinimumVisualStudioVersion = 10.0.40219.1
Project("{9A19103F-16F7-4668-BE54-9A1E7A4F7556}") = "FirstApp", "FirstApp\FirstApp.csproj", "{61934D99-2605-4D1D-8C10-CFE363EC43B8}"
EndProject
Project("{FAE04EC0-301F-11D3-BF4B-00C04F79EFBC}") = "ControllersExample", "ControllersExample\ControllersExample.csproj", "{E85DED26-E0C8-4E4E-AE98-0F0063457D0D}"
EndProject
Global
	GlobalSection(SolutionConfigurationPlatforms) = preSolution
		Debug|Any CPU = Debug|Any CPU
		Release|Any CPU = Release|Any CPU
	EndGlobalSection
	GlobalSection(ProjectConfigurationPlatforms) = postSolution
		{61934D99-2605-4D1D-8C10-CFE363EC43B8}.Debug|Any CPU.ActiveCfg = Debug|Any CPU
		{61934D99-2605-4D1D-8C10-CFE363EC43B8}.Debug|Any CPU.Build.0 = Debug|Any CPU
		{61934D99-2605-4D1D-8C10-CFE363EC43B8}.Release|Any CPU.ActiveCfg = Release|Any CPU
		{61934D99-2605-4D1D-8C10-CFE363EC43B8}.Release|Any CPU.Build.0 = Release|Any CPU
		{E85DED26-E0C8-4E4E-AE98-0F0063457D0D}.Debug|Any CPU.ActiveCfg = Debug|Any CPU
		{E85DED26-E0C8-4E4E-AE98-0F0063457D0D}.Debug|Any CPU.Build.0 = Debug|Any CPU
		{E85DED26-E0C8-4E4E-AE98-0F0063457D0D}.Release|Any CPU.ActiveCfg = Release|Any CPU
		{E85DED26-E0C8-4E4E-AE98-0F0063457D0D}.Release|Any CPU.Build.0 = Release|Any CPU
	EndGlobalSection
	GlobalSection(SolutionProperties) = preSolution
		HideSolutionNode = FALSE
	EndGlobalSection
	GlobalSection(ExtensibilityGlobals) = postSolution
		SolutionGuid = {EB641D3B-BBD4-4E95-8161-DAF8F8E6590C}
	EndGlobalSection
EndGlobal
